schema: '2.0'
stages:
  preprocess:
    cmd: python3 src/data.py --input data/raw/creditcard.csv --output 
      data/processed/processed.csv --params params.yaml:preprocess
    deps:
    - path: data/raw/creditcard.csv
      hash: md5
      md5: 2f36adfb0641c7c369bf19d7c9eb748d
      size: 148416956
    - path: params.yaml
      hash: md5
      md5: b34b860f7389bcf63754b9bcf6167d28
      size: 511
    - path: src/data.py
      hash: md5
      md5: dbf17fcf2a83e6b6488f1bba6ba326a0
      size: 1797
    outs:
    - path: data/processed/processed.csv
      hash: md5
      md5: bd27f6b885a30115b169de26573d2ecd
      size: 148416956
  train:
    cmd: python3 src/train.py --data data/processed/processed.csv --model 
      artifacts/model.joblib --scaler artifacts/scaler.joblib --params 
      params.yaml:train
    deps:
    - path: data/processed/processed.csv
      hash: md5
      md5: bd27f6b885a30115b169de26573d2ecd
      size: 148416956
    - path: params.yaml
      hash: md5
      md5: b34b860f7389bcf63754b9bcf6167d28
      size: 511
    - path: src/train.py
      hash: md5
      md5: 4b397a144156d01fdc5d08f57926a775
      size: 3864
    outs:
    - path: artifacts/model.joblib
      hash: md5
      md5: ef69e7820f3c56c2f8e668931f06eb68
      size: 1131
    - path: artifacts/scaler.joblib
      hash: md5
      md5: d053b2569459f5567ebee082ebd4a481
      size: 1871
    - path: metrics/train_metrics.json
      hash: md5
      md5: 57d9f11e9f42b4f764247b74cb245297
      size: 232
  evaluate:
    cmd: python3 src/evaluate.py --data data/processed/processed.csv --model 
      artifacts/model.joblib --scaler artifacts/scaler.joblib --metrics 
      metrics/eval_metrics.json
    deps:
    - path: artifacts/model.joblib
      hash: md5
      md5: ef69e7820f3c56c2f8e668931f06eb68
      size: 1131
    - path: artifacts/scaler.joblib
      hash: md5
      md5: d053b2569459f5567ebee082ebd4a481
      size: 1871
    - path: data/processed/processed.csv
      hash: md5
      md5: bd27f6b885a30115b169de26573d2ecd
      size: 148416956
    - path: src/evaluate.py
      hash: md5
      md5: 89ce4277f676c9983604faa00ef8b5ad
      size: 2343
    outs:
    - path: metrics/eval_metrics.json
      hash: md5
      md5: cbefa8aa8588d7c2d74c5df2bef0e0dc
      size: 361
